
Microsoft Visual Studio Solution File, Format Version 12.00
# Visual Studio Version 16
VisualStudioVersion = 16.0.30011.22
MinimumVisualStudioVersion = 10.0.40219.1
Project("{8BC9CEB8-8B4A-11D0-8D11-00A0C91BC942}") = "pipes", "pipes.vcxproj", "{371F40AF-830C-4849-9827-C89764553013}"
EndProject
Global
	GlobalSection(SolutionConfigurationPlatforms) = preSolution
		Debug|x64 = Debug|x64
		Debug|x86 = Debug|x86
		Release|x64 = Release|x64
		Release|x86 = Release|x86
	EndGlobalSection
	GlobalSection(ProjectConfigurationPlatforms) = postSolution
		{371F40AF-830C-4849-9827-C89764553013}.Debug|x64.ActiveCfg = Debug|x64
		{371F40AF-830C-4849-9827-C89764553013}.Debug|x64.Build.0 = Debug|x64
		{371F40AF-830C-4849-9827-C89764553013}.Debug|x86.ActiveCfg = Debug|Win32
		{371F40AF-830C-4849-9827-C89764553013}.Debug|x86.Build.0 = Debug|Win32
		{371F40AF-830C-4849-9827-C89764553013}.Release|x64.ActiveCfg = Release|x64
		{371F40AF-830C-4849-9827-C89764553013}.Release|x64.Build.0 = Release|x64
		{371F40AF-830C-4849-9827-C89764553013}.Release|x86.ActiveCfg = Release|Win32
		{371F40AF-830C-4849-9827-C89764553013}.Release|x86.Build.0 = Release|Win32
	EndGlobalSection
	GlobalSection(SolutionProperties) = preSolution
		HideSolutionNode = FALSE
	EndGlobalSection
	GlobalSection(ExtensibilityGlobals) = postSolution
		SolutionGuid = {D4FEFB0D-F1EF-4249-9A79-7AB558BB6D3E}
	EndGlobalSection
EndGlobal
